
Microsoft Visual Studio Solution File, Format Version 12.00
# Visual Studio 15
VisualStudioVersion = 15.0.27703.2047
MinimumVisualStudioVersion = 10.0.40219.1
Project("{FAE04EC0-301F-11D3-BF4B-00C04F79EFBC}") = "HomeWork_07", "HomeWork_07\HomeWork_07.csproj", "{47BEF40E-6054-414E-9BA2-F3B1BE0B891B}"
EndProject
Global
	GlobalSection(SolutionConfigurationPlatforms) = preSolution
		Debug|Any CPU = Debug|Any CPU
		Release|Any CPU = Release|Any CPU
	EndGlobalSection
	GlobalSection(ProjectConfigurationPlatforms) = postSolution
		{47BEF40E-6054-414E-9BA2-F3B1BE0B891B}.Debug|Any CPU.ActiveCfg = Debug|Any CPU
		{47BEF40E-6054-414E-9BA2-F3B1BE0B891B}.Debug|Any CPU.Build.0 = Debug|Any CPU
		{47BEF40E-6054-414E-9BA2-F3B1BE0B891B}.Release|Any CPU.ActiveCfg = Release|Any CPU
		{47BEF40E-6054-414E-9BA2-F3B1BE0B891B}.Release|Any CPU.Build.0 = Release|Any CPU
	EndGlobalSection
	GlobalSection(SolutionProperties) = preSolution
		HideSolutionNode = FALSE
	EndGlobalSection
	GlobalSection(ExtensibilityGlobals) = postSolution
		SolutionGuid = {EEF59E67-BEA3-4333-BCE9-052658980062}
	EndGlobalSection
EndGlobal
