
Microsoft Visual Studio Solution File, Format Version 12.00
# Visual Studio 15
VisualStudioVersion = 15.0.28010.2036
MinimumVisualStudioVersion = 10.0.40219.1
Project("{FAE04EC0-301F-11D3-BF4B-00C04F79EFBC}") = "Portfolio.WebUI", "Portfolio\Portfolio.WebUI.csproj", "{1CB44139-CBEE-4FDB-91B8-A3FDE657D821}"
EndProject
Project("{FAE04EC0-301F-11D3-BF4B-00C04F79EFBC}") = "Portfolio.Domain", "Portfolio.Domain\Portfolio.Domain.csproj", "{9274CC28-B021-4488-BE8E-CBEA17D18263}"
EndProject
Global
	GlobalSection(SolutionConfigurationPlatforms) = preSolution
		Debug|Any CPU = Debug|Any CPU
		Release|Any CPU = Release|Any CPU
	EndGlobalSection
	GlobalSection(ProjectConfigurationPlatforms) = postSolution
		{1CB44139-CBEE-4FDB-91B8-A3FDE657D821}.Debug|Any CPU.ActiveCfg = Debug|Any CPU
		{1CB44139-CBEE-4FDB-91B8-A3FDE657D821}.Debug|Any CPU.Build.0 = Debug|Any CPU
		{1CB44139-CBEE-4FDB-91B8-A3FDE657D821}.Release|Any CPU.ActiveCfg = Release|Any CPU
		{1CB44139-CBEE-4FDB-91B8-A3FDE657D821}.Release|Any CPU.Build.0 = Release|Any CPU
		{9274CC28-B021-4488-BE8E-CBEA17D18263}.Debug|Any CPU.ActiveCfg = Debug|Any CPU
		{9274CC28-B021-4488-BE8E-CBEA17D18263}.Debug|Any CPU.Build.0 = Debug|Any CPU
		{9274CC28-B021-4488-BE8E-CBEA17D18263}.Release|Any CPU.ActiveCfg = Release|Any CPU
		{9274CC28-B021-4488-BE8E-CBEA17D18263}.Release|Any CPU.Build.0 = Release|Any CPU
	EndGlobalSection
	GlobalSection(SolutionProperties) = preSolution
		HideSolutionNode = FALSE
	EndGlobalSection
	GlobalSection(ExtensibilityGlobals) = postSolution
		SolutionGuid = {7889D912-84D0-449D-9412-52712854FE85}
	EndGlobalSection
EndGlobal
