
Microsoft Visual Studio Solution File, Format Version 12.00
# Visual Studio 15
VisualStudioVersion = 15.0.27703.2042
MinimumVisualStudioVersion = 10.0.40219.1
Project("{FAE04EC0-301F-11D3-BF4B-00C04F79EFBC}") = "HomeWork_01", "HomeWork_01\HomeWork_01.csproj", "{09E63AF7-8C20-4B82-AD7C-15EF5458C00A}"
EndProject
Global
	GlobalSection(SolutionConfigurationPlatforms) = preSolution
		Debug|Any CPU = Debug|Any CPU
		Release|Any CPU = Release|Any CPU
	EndGlobalSection
	GlobalSection(ProjectConfigurationPlatforms) = postSolution
		{09E63AF7-8C20-4B82-AD7C-15EF5458C00A}.Debug|Any CPU.ActiveCfg = Debug|Any CPU
		{09E63AF7-8C20-4B82-AD7C-15EF5458C00A}.Debug|Any CPU.Build.0 = Debug|Any CPU
		{09E63AF7-8C20-4B82-AD7C-15EF5458C00A}.Release|Any CPU.ActiveCfg = Release|Any CPU
		{09E63AF7-8C20-4B82-AD7C-15EF5458C00A}.Release|Any CPU.Build.0 = Release|Any CPU
	EndGlobalSection
	GlobalSection(SolutionProperties) = preSolution
		HideSolutionNode = FALSE
	EndGlobalSection
	GlobalSection(ExtensibilityGlobals) = postSolution
		SolutionGuid = {937003B9-8D99-4469-B631-2F89946FAB9B}
	EndGlobalSection
EndGlobal
