
Microsoft Visual Studio Solution File, Format Version 12.00
# Visual Studio 15
VisualStudioVersion = 15.0.28010.2036
MinimumVisualStudioVersion = 10.0.40219.1
Project("{FAE04EC0-301F-11D3-BF4B-00C04F79EFBC}") = "CompAccessory.WedUI", "CompAccessory.WedUI\CompAccessory.WedUI.csproj", "{9D29C4B2-D1D5-4D70-A9C8-D82D1D98DEEB}"
EndProject
Project("{FAE04EC0-301F-11D3-BF4B-00C04F79EFBC}") = "CompAccessory.Domain", "CompAccessory.Domain\CompAccessory.Domain.csproj", "{ABC5382D-0AB7-430A-AB6B-A6732860D213}"
EndProject
Global
	GlobalSection(SolutionConfigurationPlatforms) = preSolution
		Debug|Any CPU = Debug|Any CPU
		Release|Any CPU = Release|Any CPU
	EndGlobalSection
	GlobalSection(ProjectConfigurationPlatforms) = postSolution
		{9D29C4B2-D1D5-4D70-A9C8-D82D1D98DEEB}.Debug|Any CPU.ActiveCfg = Debug|Any CPU
		{9D29C4B2-D1D5-4D70-A9C8-D82D1D98DEEB}.Debug|Any CPU.Build.0 = Debug|Any CPU
		{9D29C4B2-D1D5-4D70-A9C8-D82D1D98DEEB}.Release|Any CPU.ActiveCfg = Release|Any CPU
		{9D29C4B2-D1D5-4D70-A9C8-D82D1D98DEEB}.Release|Any CPU.Build.0 = Release|Any CPU
		{ABC5382D-0AB7-430A-AB6B-A6732860D213}.Debug|Any CPU.ActiveCfg = Debug|Any CPU
		{ABC5382D-0AB7-430A-AB6B-A6732860D213}.Debug|Any CPU.Build.0 = Debug|Any CPU
		{ABC5382D-0AB7-430A-AB6B-A6732860D213}.Release|Any CPU.ActiveCfg = Release|Any CPU
		{ABC5382D-0AB7-430A-AB6B-A6732860D213}.Release|Any CPU.Build.0 = Release|Any CPU
	EndGlobalSection
	GlobalSection(SolutionProperties) = preSolution
		HideSolutionNode = FALSE
	EndGlobalSection
	GlobalSection(ExtensibilityGlobals) = postSolution
		SolutionGuid = {87E93C5B-21A3-4279-BD1F-2DE4588D082F}
	EndGlobalSection
EndGlobal
