
Microsoft Visual Studio Solution File, Format Version 12.00
# Visual Studio Version 16
VisualStudioVersion = 16.0.32901.82
MinimumVisualStudioVersion = 10.0.40219.1
Project("{FAE04EC0-301F-11D3-BF4B-00C04F79EFBC}") = "ApiRequestDictionaryDemo", "ApiRequestDictionaryDemo.csproj", "{F91240D6-7597-4535-AC26-1917C17C4F41}"
EndProject
Global
	GlobalSection(SolutionConfigurationPlatforms) = preSolution
		Debug|Any CPU = Debug|Any CPU
		Release|Any CPU = Release|Any CPU
	EndGlobalSection
	GlobalSection(ProjectConfigurationPlatforms) = postSolution
		{F91240D6-7597-4535-AC26-1917C17C4F41}.Debug|Any CPU.ActiveCfg = Debug|Any CPU
		{F91240D6-7597-4535-AC26-1917C17C4F41}.Debug|Any CPU.Build.0 = Debug|Any CPU
		{F91240D6-7597-4535-AC26-1917C17C4F41}.Release|Any CPU.ActiveCfg = Release|Any CPU
		{F91240D6-7597-4535-AC26-1917C17C4F41}.Release|Any CPU.Build.0 = Release|Any CPU
	EndGlobalSection
	GlobalSection(SolutionProperties) = preSolution
		HideSolutionNode = FALSE
	EndGlobalSection
	GlobalSection(ExtensibilityGlobals) = postSolution
		SolutionGuid = {65D20533-887C-4E99-B38F-E056C0DF8D34}
	EndGlobalSection
EndGlobal
